# This file is automatically @generated by Poetry 1.5.4 and should not be changed by hand.

[[package]]
name = "art"
version = "6.2"
description = "ASCII Art Library For Python"
optional = false
python-versions = ">=3.5"
files = [
    {file = "art-6.2-py3-none-any.whl", hash = "sha256:d632d1d3f5fabcaf8673abe934b51df0017bc914d106e89d45ae4ebef0e3149a"},
    {file = "art-6.2.tar.gz", hash = "sha256:506a0c4f261289a0e0d088de7beffcb1835078c4e44b0c5353bdaf47b490e76f"},
]

[package.extras]
dev = ["bandit (>=1.5.1)", "coverage (>=4.1)", "pydocstyle (>=3.0.0)", "vulture (>=1.0)"]

[metadata]
lock-version = "2.0"
python-versions = ">=3.10.0,<3.12"
content-hash = "2be858d2683887d68d8858e03d24e22c74b374841042da0beecd0214dd05fc53"
